
Microsoft Visual Studio Solution File, Format Version 12.00
# Visual Studio Version 17
VisualStudioVersion = 17.7.34031.279
MinimumVisualStudioVersion = 10.0.40219.1
Project("{9A19103F-16F7-4668-BE54-9A1E7A4F7556}") = "ConsoleDistanceToPoint", "ConsoleApp1\ConsoleDistanceToPoint.csproj", "{8820DA93-1702-45D1-9373-4E9839D33CEC}"
EndProject
Global
	GlobalSection(SolutionConfigurationPlatforms) = preSolution
		Debug|Any CPU = Debug|Any CPU
		Release|Any CPU = Release|Any CPU
	EndGlobalSection
	GlobalSection(ProjectConfigurationPlatforms) = postSolution
		{8820DA93-1702-45D1-9373-4E9839D33CEC}.Debug|Any CPU.ActiveCfg = Debug|Any CPU
		{8820DA93-1702-45D1-9373-4E9839D33CEC}.Debug|Any CPU.Build.0 = Debug|Any CPU
		{8820DA93-1702-45D1-9373-4E9839D33CEC}.Release|Any CPU.ActiveCfg = Release|Any CPU
		{8820DA93-1702-45D1-9373-4E9839D33CEC}.Release|Any CPU.Build.0 = Release|Any CPU
	EndGlobalSection
	GlobalSection(SolutionProperties) = preSolution
		HideSolutionNode = FALSE
	EndGlobalSection
	GlobalSection(ExtensibilityGlobals) = postSolution
		SolutionGuid = {175ADBE3-5089-46FA-9238-F7397A8A01D4}
	EndGlobalSection
EndGlobal
